{
  "name": "hackathon-latex",
  "lockfileVersion": 3,
  "requires": true,
  "packages": {
    "": {
      "dependencies": {
        "fs-extra": "^11.1.1",
        "latex": "^0.0.1"
      }
    },
    "node_modules/fs-extra": {
      "version": "11.1.1",
      "resolved": "https://registry.npmjs.org/fs-extra/-/fs-extra-11.1.1.tgz",
      "integrity": "sha512-MGIE4HOvQCeUCzmlHs0vXpih4ysz4wg9qiSAu6cd42lVwPbTM1TjV7RusoyQqMmk/95gdQZX72u+YW+c3eEpFQ==",
      "dependencies": {
        "graceful-fs": "^4.2.0",
        "jsonfile": "^6.0.1",
        "universalify": "^2.0.0"
      },
      "engines": {
        "node": ">=14.14"
      }
    },
    "node_modules/graceful-fs": {
      "version": "4.2.11",
      "resolved": "https://registry.npmjs.org/graceful-fs/-/graceful-fs-4.2.11.tgz",
      "integrity": "sha512-RbJ5/jmFcNNCcDV5o9eTnBLJ/HszWV0P73bc+Ff4nS/rJj+YaS6IGyiOL0VoBYX+l1Wrl3k63h/KrH+nhJ0XvQ=="
    },
    "node_modules/jsonfile": {
      "version": "6.1.0",
      "resolved": "https://registry.npmjs.org/jsonfile/-/jsonfile-6.1.0.tgz",
      "integrity": "sha512-5dgndWOriYSm5cnYaJNhalLNDKOqFwyDB/rr1E9ZsGciGvKPs8R2xYGCacuf3z6K1YKDz182fd+fY3cn3pMqXQ==",
      "dependencies": {
        "universalify": "^2.0.0"
      },
      "optionalDependencies": {
        "graceful-fs": "^4.1.6"
      }
    },
    "node_modules/latex": {
      "version": "0.0.1",
      "resolved": "https://registry.npmjs.org/latex/-/latex-0.0.1.tgz",
      "integrity": "sha512-gjoKyqqGcwtTqxLa1duivzt5gFPcW/8uXVMZeR75OvoF61XkC1rDR9RvywQ0nLd70fs4LsA5m5siuMfuzEDUtA==",
      "dependencies": {
        "fs-extra": "~0.3.2",
        "temp": "~0.5.0",
        "through": "~2.1.0"
      }
    },
    "node_modules/latex/node_modules/fs-extra": {
      "version": "0.3.2",
      "resolved": "https://registry.npmjs.org/fs-extra/-/fs-extra-0.3.2.tgz",
      "integrity": "sha512-2zH6Lm/k3SEnVAGq2m0fdRXXQ8+5W68N8WUEAwuBlHvWzvr882LhtvDy59bJYLwGnd+HjoA9DKrQMc+3TgpbDQ==",
      "dependencies": {
        "jsonfile": "0.0.x",
        "mkdirp": "0.3.x",
        "ncp": "0.2.x",
        "rimraf": "~2.0.2"
      }
    },
    "node_modules/latex/node_modules/graceful-fs": {
      "version": "1.1.14",
      "resolved": "https://registry.npmjs.org/graceful-fs/-/graceful-fs-1.1.14.tgz",
      "integrity": "sha512-JUrvoFoQbLZpOZilKTXZX2e1EV0DTnuG5vsRFNFv4mPf/mnYbwNAFw/5x0rxeyaJslIdObGSgTTsMnM/acRaVw==",
      "deprecated": "please upgrade to graceful-fs 4 for compatibility with current and future versions of Node.js",
      "optional": true,
      "engines": {
        "node": ">=0.4.0"
      }
    },
    "node_modules/latex/node_modules/jsonfile": {
      "version": "0.0.1",
      "resolved": "https://registry.npmjs.org/jsonfile/-/jsonfile-0.0.1.tgz",
      "integrity": "sha512-exg1z4OyWfLfB05WCTNg+PB8MBSEBnRoRU6MjnE+GXRba1P2wfAvB0ISUWJM2Ve3M6JJlNHBJ4nFXEzjji/4HQ=="
    },
    "node_modules/latex/node_modules/rimraf": {
      "version": "2.0.3",
      "resolved": "https://registry.npmjs.org/rimraf/-/rimraf-2.0.3.tgz",
      "integrity": "sha512-uR09PSoW2+1hW0hquRqxb+Ae2h6R5ls3OAy2oNekQFtqbSJkltkhKRa+OhZKoxWsN9195Gp1vg7sELDRoJ8a3w==",
      "optionalDependencies": {
        "graceful-fs": "~1.1"
      }
    },
    "node_modules/mkdirp": {
      "version": "0.3.5",
      "resolved": "https://registry.npmjs.org/mkdirp/-/mkdirp-0.3.5.tgz",
      "integrity": "sha512-8OCq0De/h9ZxseqzCH8Kw/Filf5pF/vMI6+BH7Lu0jXz2pqYCjTAQRolSxRIi+Ax+oCCjlxoJMP0YQ4XlrQNHg==",
      "deprecated": "Legacy versions of mkdirp are no longer supported. Please update to mkdirp 1.x. (Note that the API surface has changed to use Promises in 1.x.)"
    },
    "node_modules/ncp": {
      "version": "0.2.7",
      "resolved": "https://registry.npmjs.org/ncp/-/ncp-0.2.7.tgz",
      "integrity": "sha512-wPUepcV37u3Mw+ktjrUbl3azxwAkcD9RrVLQGlpSapWcEQM5jL0g8zwKo6ukOjVQAAEjqpRdLeojOalqqySpCg==",
      "bin": {
        "ncp": "bin/ncp"
      }
    },
    "node_modules/rimraf": {
      "version": "2.1.4",
      "resolved": "https://registry.npmjs.org/rimraf/-/rimraf-2.1.4.tgz",
      "integrity": "sha512-tzwmX16YQhcFu0T/m0gHBcFKx6yQAg77Z6WWaQSJsUekXYa6yaAmHhrDdmFicgauX/er7GsdN+vRao3mBhA4kQ==",
      "optionalDependencies": {
        "graceful-fs": "~1"
      }
    },
    "node_modules/rimraf/node_modules/graceful-fs": {
      "version": "1.2.3",
      "resolved": "https://registry.npmjs.org/graceful-fs/-/graceful-fs-1.2.3.tgz",
      "integrity": "sha512-iiTUZ5vZ+2ZV+h71XAgwCSu6+NAizhFU3Yw8aC/hH5SQ3SnISqEqAek40imAFGtDcwJKNhXvSY+hzIolnLwcdQ==",
      "deprecated": "please upgrade to graceful-fs 4 for compatibility with current and future versions of Node.js",
      "optional": true,
      "engines": {
        "node": ">=0.4.0"
      }
    },
    "node_modules/temp": {
      "version": "0.5.1",
      "resolved": "https://registry.npmjs.org/temp/-/temp-0.5.1.tgz",
      "integrity": "sha512-Gwc1QWGkf3f3d0y8wNyC9uvVqAsmVdUMPzdiLJDNVAHhlxZmSWlvVZAk1LmZcBuYcmhvJ0oHDVHksghU3VI/0w==",
      "engines": [
        "node >=0.8.0"
      ],
      "dependencies": {
        "rimraf": "~2.1.4"
      }
    },
    "node_modules/through": {
      "version": "2.1.0",
      "resolved": "https://registry.npmjs.org/through/-/through-2.1.0.tgz",
      "integrity": "sha512-uvPczOKXZtx4V1j1upuVsJAaUs2sOwCT6CVDT/xsse/AvenhMxgmK1LxILJUm2WoSZYi8RhOb10P9zvwjZOipQ=="
    },
    "node_modules/universalify": {
      "version": "2.0.0",
      "resolved": "https://registry.npmjs.org/universalify/-/universalify-2.0.0.tgz",
      "integrity": "sha512-hAZsKq7Yy11Zu1DE0OzWjw7nnLZmJZYTDZZyEFHZdUhV8FkH5MCfoU1XMaxXovpyW5nq5scPqq0ZDP9Zyl04oQ==",
      "engines": {
        "node": ">= 10.0.0"
      }
    }
  }
}
